
Microsoft Visual Studio Solution File, Format Version 12.00
# Visual Studio Version 17
VisualStudioVersion = 17.8.34408.163
MinimumVisualStudioVersion = 10.0.40219.1
Project("{FAE04EC0-301F-11D3-BF4B-00C04F79EFBC}") = "WebApplication1", "WebApplication1\WebApplication1.csproj", "{99489F3E-2AA5-4273-B1FF-931A024A318E}"
EndProject
Global
	GlobalSection(SolutionConfigurationPlatforms) = preSolution
		Debug|Any CPU = Debug|Any CPU
		Release|Any CPU = Release|Any CPU
	EndGlobalSection
	GlobalSection(ProjectConfigurationPlatforms) = postSolution
		{99489F3E-2AA5-4273-B1FF-931A024A318E}.Debug|Any CPU.ActiveCfg = Debug|Any CPU
		{99489F3E-2AA5-4273-B1FF-931A024A318E}.Debug|Any CPU.Build.0 = Debug|Any CPU
		{99489F3E-2AA5-4273-B1FF-931A024A318E}.Release|Any CPU.ActiveCfg = Release|Any CPU
		{99489F3E-2AA5-4273-B1FF-931A024A318E}.Release|Any CPU.Build.0 = Release|Any CPU
	EndGlobalSection
	GlobalSection(SolutionProperties) = preSolution
		HideSolutionNode = FALSE
	EndGlobalSection
	GlobalSection(ExtensibilityGlobals) = postSolution
		SolutionGuid = {2C45BED5-FDD3-461A-A9B2-3CA1839B2F1A}
	EndGlobalSection
EndGlobal
